<?xml version="1.0" encoding="utf-8"?>
<Project ToolsVersion="4.0" xmlns="http://schemas.microsoft.com/developer/msbuild/2003">
  <ItemGroup>
    <ClCompile Include="main.cpp" />
    <ClCompile Include="Surface.cpp">
      <Filter>Surface</Filter>
    </ClCompile>
    <ClCompile Include="WinFrameBuffer.cpp">
      <Filter>FrameBuffer\WinFrameBuffer</Filter>
    </ClCompile>
    <ClCompile Include="Font.cpp">
      <Filter>Font</Filter>
    </ClCompile>
    <ClCompile Include="FrameBuffer.cpp">
      <Filter>FrameBuffer</Filter>
    </ClCompile>
    <ClCompile Include="Ray.cpp">
      <Filter>Raytracing\Ray</Filter>
    </ClCompile>
    <ClCompile Include="Scene.cpp">
      <Filter>Raytracing\Scene</Filter>
    </ClCompile>
    <ClCompile Include="Primitive.cpp">
      <Filter>Raytracing\Primitive</Filter>
    </ClCompile>
    <ClCompile Include="Sphere.cpp">
      <Filter>Raytracing\Primitive\Sphere</Filter>
    </ClCompile>
    <ClCompile Include="BaseMaterial.cpp">
      <Filter>Raytracing\Material</Filter>
    </ClCompile>
    <ClCompile Include="ColourMaterial.cpp">
      <Filter>Raytracing\Material\ColourMaterial</Filter>
    </ClCompile>
    <ClCompile Include="BlinnPhongMaterial.cpp">
      <Filter>Raytracing\Material\BlinnPhongMaterial</Filter>
    </ClCompile>
    <ClCompile Include="ReflectingMaterial.cpp" />
    <ClCompile Include="Light.cpp">
      <Filter>Raytracing\Light</Filter>
    </ClCompile>
    <ClCompile Include="AreaLight.cpp">
      <Filter>Raytracing\Light\Area</Filter>
    </ClCompile>
    <ClCompile Include="SwitchFrameBuffer.cpp">
      <Filter>FrameBuffer\SwitchFrameBuffer</Filter>
    </ClCompile>
  </ItemGroup>
  <ItemGroup>
    <Filter Include="Surface">
      <UniqueIdentifier>{6511e424-b22b-4888-b65e-fd60145b0964}</UniqueIdentifier>
    </Filter>
    <Filter Include="FrameBuffer">
      <UniqueIdentifier>{453ed2e4-e8bf-476b-82ab-7ec19ac8f4eb}</UniqueIdentifier>
    </Filter>
    <Filter Include="FrameBuffer\WinFrameBuffer">
      <UniqueIdentifier>{44bc1a05-35c0-4459-8a76-601b38585a41}</UniqueIdentifier>
    </Filter>
    <Filter Include="FrameBuffer\SwitchFrameBuffer">
      <UniqueIdentifier>{82406e4d-8497-4d9e-b044-d01355bf66c7}</UniqueIdentifier>
    </Filter>
    <Filter Include="Font">
      <UniqueIdentifier>{5fef2d45-7fcb-4df8-b9f5-fbe0aa7f896d}</UniqueIdentifier>
    </Filter>
    <Filter Include="Raytracing">
      <UniqueIdentifier>{2ede036c-b2b3-40c0-b78b-075a8db201f1}</UniqueIdentifier>
    </Filter>
    <Filter Include="Raytracing\Ray">
      <UniqueIdentifier>{5e276da1-f7bb-4344-8c0d-10aa3823db8d}</UniqueIdentifier>
    </Filter>
    <Filter Include="Raytracing\Scene">
      <UniqueIdentifier>{ae950528-98cc-4989-8761-6faed0272389}</UniqueIdentifier>
    </Filter>
    <Filter Include="Raytracing\Primitive">
      <UniqueIdentifier>{b775f6e5-53bc-4f14-861d-0ce4f11c454c}</UniqueIdentifier>
    </Filter>
    <Filter Include="Raytracing\Material">
      <UniqueIdentifier>{2724ac99-3c65-40f2-81d4-68376addcf08}</UniqueIdentifier>
    </Filter>
    <Filter Include="Raytracing\Material\ColourMaterial">
      <UniqueIdentifier>{c9b43597-2895-4c64-a6b8-e4aab96c1b3a}</UniqueIdentifier>
    </Filter>
    <Filter Include="Raytracing\Primitive\Sphere">
      <UniqueIdentifier>{f5b4a6ae-7425-480f-9195-7590737d6b4a}</UniqueIdentifier>
    </Filter>
    <Filter Include="Raytracing\Material\BlinnPhongMaterial">
      <UniqueIdentifier>{871ce990-8088-4252-ae20-c654c83275da}</UniqueIdentifier>
    </Filter>
    <Filter Include="Raytracing\Material\ReflectingMaterial">
      <UniqueIdentifier>{8fcbdcc1-26c2-47c0-b6ba-3a3fbb9fc6eb}</UniqueIdentifier>
    </Filter>
    <Filter Include="Raytracing\Light">
      <UniqueIdentifier>{8438a425-b1dd-4f4f-b0b7-a89bbdbaba3e}</UniqueIdentifier>
    </Filter>
    <Filter Include="Raytracing\Light\Area">
      <UniqueIdentifier>{3ee21de5-266a-49db-ab18-838a34574ebe}</UniqueIdentifier>
    </Filter>
  </ItemGroup>
  <ItemGroup>
    <ClInclude Include="Surface.h">
      <Filter>Surface</Filter>
    </ClInclude>
    <ClInclude Include="WinFrameBuffer.h">
      <Filter>FrameBuffer\WinFrameBuffer</Filter>
    </ClInclude>
    <ClInclude Include="FrameBuffer.h">
      <Filter>FrameBuffer</Filter>
    </ClInclude>
    <ClInclude Include="Font.h">
      <Filter>Font</Filter>
    </ClInclude>
    <ClInclude Include="Ray.h">
      <Filter>Raytracing\Ray</Filter>
    </ClInclude>
    <ClInclude Include="Scene.h">
      <Filter>Raytracing\Scene</Filter>
    </ClInclude>
    <ClInclude Include="Primitive.h">
      <Filter>Raytracing\Primitive</Filter>
    </ClInclude>
    <ClInclude Include="Sphere.h">
      <Filter>Raytracing\Primitive\Sphere</Filter>
    </ClInclude>
    <ClInclude Include="BaseMaterial.h">
      <Filter>Raytracing\Material</Filter>
    </ClInclude>
    <ClInclude Include="ColourMaterial.h">
      <Filter>Raytracing\Material\ColourMaterial</Filter>
    </ClInclude>
    <ClInclude Include="BlinnPhongMaterial.h">
      <Filter>Raytracing\Material\BlinnPhongMaterial</Filter>
    </ClInclude>
    <ClInclude Include="ReflectingMaterial.h" />
    <ClInclude Include="Light.h">
      <Filter>Raytracing\Light</Filter>
    </ClInclude>
    <ClInclude Include="AreaLight.h">
      <Filter>Raytracing\Light\Area</Filter>
    </ClInclude>
    <ClInclude Include="SwitchFrameBuffer.h">
      <Filter>FrameBuffer\SwitchFrameBuffer</Filter>
    </ClInclude>
  </ItemGroup>
</Project>